// !$*UTF8*$!
{
	archiveVersion = 1;
	classes = {
	};
	objectVersion = 56;
	objects = {

/* Begin PBXBuildFile section */
		BB5C4F9A2BAE32F700DF57BF /* ios_asmApp.swift in Sources */ = {isa = PBXBuildFile; fileRef = BB5C4F992BAE32F700DF57BF /* ios_asmApp.swift */; };
		BB5C4F9C2BAE32F700DF57BF /* ContentView.swift in Sources */ = {isa = PBXBuildFile; fileRef = BB5C4F9B2BAE32F700DF57BF /* ContentView.swift */; };
		BB5C4F9E2BAE32F900DF57BF /* Assets.xcassets in Resources */ = {isa = PBXBuildFile; fileRef = BB5C4F9D2BAE32F900DF57BF /* Assets.xcassets */; };
		BB5C4FA12BAE32F900DF57BF /* Preview Assets.xcassets in Resources */ = {isa = PBXBuildFile; fileRef = BB5C4FA02BAE32F900DF57BF /* Preview Assets.xcassets */; };
		BB5C4FA92BAE356400DF57BF /* hexstr-arm64-v8a.s in Sources */ = {isa = PBXBuildFile; fileRef = BB5C4FA72BAE356400DF57BF /* hexstr-arm64-v8a.s */; };
		BB5C4FAC2BAE35F600DF57BF /* AsmWrapper.m in Sources */ = {isa = PBXBuildFile; fileRef = BB5C4FAB2BAE35F600DF57BF /* AsmWrapper.m */; };
/* End PBXBuildFile section */

/* Begin PBXFileReference section */
		BB5C4F962BAE32F700DF57BF /* ios-asm.app */ = {isa = PBXFileReference; explicitFileType = wrapper.application; includeInIndex = 0; path = "ios-asm.app"; sourceTree = BUILT_PRODUCTS_DIR; };
		BB5C4F992BAE32F700DF57BF /* ios_asmApp.swift */ = {isa = PBXFileReference; lastKnownFileType = sourcecode.swift; path = ios_asmApp.swift; sourceTree = "<group>"; };
		BB5C4F9B2BAE32F700DF57BF /* ContentView.swift */ = {isa = PBXFileReference; lastKnownFileType = sourcecode.swift; path = ContentView.swift; sourceTree = "<group>"; };
		BB5C4F9D2BAE32F900DF57BF /* Assets.xcassets */ = {isa = PBXFileReference; lastKnownFileType = folder.assetcatalog; path = Assets.xcassets; sourceTree = "<group>"; };
		BB5C4FA02BAE32F900DF57BF /* Preview Assets.xcassets */ = {isa = PBXFileReference; lastKnownFileType = folder.assetcatalog; path = "Preview Assets.xcassets"; sourceTree = "<group>"; };
		BB5C4FA72BAE356400DF57BF /* hexstr-arm64-v8a.s */ = {isa = PBXFileReference; fileEncoding = 4; lastKnownFileType = sourcecode.asm; path = "hexstr-arm64-v8a.s"; sourceTree = "<group>"; };
		BB5C4FA82BAE356400DF57BF /* hexstr.h */ = {isa = PBXFileReference; fileEncoding = 4; lastKnownFileType = sourcecode.c.h; path = hexstr.h; sourceTree = "<group>"; };
		BB5C4FAA2BAE35F600DF57BF /* ios-asm-Bridging-Header.h */ = {isa = PBXFileReference; lastKnownFileType = sourcecode.c.h; path = "ios-asm-Bridging-Header.h"; sourceTree = "<group>"; };
		BB5C4FAB2BAE35F600DF57BF /* AsmWrapper.m */ = {isa = PBXFileReference; lastKnownFileType = sourcecode.c.objc; path = AsmWrapper.m; sourceTree = "<group>"; };
		BB5C4FAD2BAE365600DF57BF /* AsmWrapper.h */ = {isa = PBXFileReference; lastKnownFileType = sourcecode.c.h; path = AsmWrapper.h; sourceTree = "<group>"; };
/* End PBXFileReference section */

/* Begin PBXFrameworksBuildPhase section */
		BB5C4F932BAE32F700DF57BF /* Frameworks */ = {
			isa = PBXFrameworksBuildPhase;
			buildActionMask = 2147483647;
			files = (
			);
			runOnlyForDeploymentPostprocessing = 0;
		};
/* End PBXFrameworksBuildPhase section */

/* Begin PBXGroup section */
		BB5C4F8D2BAE32F700DF57BF = {
			isa = PBXGroup;
			children = (
				BB5C4F982BAE32F700DF57BF /* ios-asm */,
				BB5C4F972BAE32F700DF57BF /* Products */,
			);
			sourceTree = "<group>";
		};
		BB5C4F972BAE32F700DF57BF /* Products */ = {
			isa = PBXGroup;
			children = (
				BB5C4F962BAE32F700DF57BF /* ios-asm.app */,
			);
			name = Products;
			sourceTree = "<group>";
		};
		BB5C4F982BAE32F700DF57BF /* ios-asm */ = {
			isa = PBXGroup;
			children = (
				BB5C4F992BAE32F700DF57BF /* ios_asmApp.swift */,
				BB5C4F9B2BAE32F700DF57BF /* ContentView.swift */,
				BB5C4FAA2BAE35F600DF57BF /* ios-asm-Bridging-Header.h */,
				BB5C4FAD2BAE365600DF57BF /* AsmWrapper.h */,
				BB5C4FAB2BAE35F600DF57BF /* AsmWrapper.m */,
				BB5C4FA82BAE356400DF57BF /* hexstr.h */,
				BB5C4FA72BAE356400DF57BF /* hexstr-arm64-v8a.s */,
				BB5C4F9D2BAE32F900DF57BF /* Assets.xcassets */,
				BB5C4F9F2BAE32F900DF57BF /* Preview Content */,
			);
			path = "ios-asm";
			sourceTree = "<group>";
		};
		BB5C4F9F2BAE32F900DF57BF /* Preview Content */ = {
			isa = PBXGroup;
			children = (
				BB5C4FA02BAE32F900DF57BF /* Preview Assets.xcassets */,
			);
			path = "Preview Content";
			sourceTree = "<group>";
		};
/* End PBXGroup section */

/* Begin PBXNativeTarget section */
		BB5C4F952BAE32F700DF57BF /* ios-asm */ = {
			isa = PBXNativeTarget;
			buildConfigurationList = BB5C4FA42BAE32F900DF57BF /* Build configuration list for PBXNativeTarget "ios-asm" */;
			buildPhases = (
				BB5C4F922BAE32F700DF57BF /* Sources */,
				BB5C4F932BAE32F700DF57BF /* Frameworks */,
				BB5C4F942BAE32F700DF57BF /* Resources */,
			);
			buildRules = (
			);
			dependencies = (
			);
			name = "ios-asm";
			productName = "ios-asm";
			productReference = BB5C4F962BAE32F700DF57BF /* ios-asm.app */;
			productType = "com.apple.product-type.application";
		};
/* End PBXNativeTarget section */

/* Begin PBXProject section */
		BB5C4F8E2BAE32F700DF57BF /* Project object */ = {
			isa = PBXProject;
			attributes = {
				BuildIndependentTargetsInParallel = 1;
				LastSwiftUpdateCheck = 1530;
				LastUpgradeCheck = 1530;
				TargetAttributes = {
					BB5C4F952BAE32F700DF57BF = {
						CreatedOnToolsVersion = 15.3;
						LastSwiftMigration = 1530;
					};
				};
			};
			buildConfigurationList = BB5C4F912BAE32F700DF57BF /* Build configuration list for PBXProject "ios-asm" */;
			compatibilityVersion = "Xcode 14.0";
			developmentRegion = en;
			hasScannedForEncodings = 0;
			knownRegions = (
				en,
				Base,
			);
			mainGroup = BB5C4F8D2BAE32F700DF57BF;
			productRefGroup = BB5C4F972BAE32F700DF57BF /* Products */;
			projectDirPath = "";
			projectRoot = "";
			targets = (
				BB5C4F952BAE32F700DF57BF /* ios-asm */,
			);
		};
/* End PBXProject section */

/* Begin PBXResourcesBuildPhase section */
		BB5C4F942BAE32F700DF57BF /* Resources */ = {
			isa = PBXResourcesBuildPhase;
			buildActionMask = 2147483647;
			files = (
				BB5C4FA12BAE32F900DF57BF /* Preview Assets.xcassets in Resources */,
				BB5C4F9E2BAE32F900DF57BF /* Assets.xcassets in Resources */,
			);
			runOnlyForDeploymentPostprocessing = 0;
		};
/* End PBXResourcesBuildPhase section */

/* Begin PBXSourcesBuildPhase section */
		BB5C4F922BAE32F700DF57BF /* Sources */ = {
			isa = PBXSourcesBuildPhase;
			buildActionMask = 2147483647;
			files = (
				BB5C4F9C2BAE32F700DF57BF /* ContentView.swift in Sources */,
				BB5C4FAC2BAE35F600DF57BF /* AsmWrapper.m in Sources */,
				BB5C4F9A2BAE32F700DF57BF /* ios_asmApp.swift in Sources */,
				BB5C4FA92BAE356400DF57BF /* hexstr-arm64-v8a.s in Sources */,
			);
			runOnlyForDeploymentPostprocessing = 0;
		};
/* End PBXSourcesBuildPhase section */

/* Begin XCBuildConfiguration section */
		BB5C4FA22BAE32F900DF57BF /* Debug */ = {
			isa = XCBuildConfiguration;
			buildSettings = {
				ALWAYS_SEARCH_USER_PATHS = NO;
				ASSETCATALOG_COMPILER_GENERATE_SWIFT_ASSET_SYMBOL_EXTENSIONS = YES;
				CLANG_ANALYZER_NONNULL = YES;
				CLANG_ANALYZER_NUMBER_OBJECT_CONVERSION = YES_AGGRESSIVE;
				CLANG_CXX_LANGUAGE_STANDARD = "gnu++20";
				CLANG_ENABLE_MODULES = YES;
				CLANG_ENABLE_OBJC_ARC = YES;
				CLANG_ENABLE_OBJC_WEAK = YES;
				CLANG_WARN_BLOCK_CAPTURE_AUTORELEASING = YES;
				CLANG_WARN_BOOL_CONVERSION = YES;
				CLANG_WARN_COMMA = YES;
				CLANG_WARN_CONSTANT_CONVERSION = YES;
				CLANG_WARN_DEPRECATED_OBJC_IMPLEMENTATIONS = YES;
				CLANG_WARN_DIRECT_OBJC_ISA_USAGE = YES_ERROR;
				CLANG_WARN_DOCUMENTATION_COMMENTS = YES;
				CLANG_WARN_EMPTY_BODY = YES;
				CLANG_WARN_ENUM_CONVERSION = YES;
				CLANG_WARN_INFINITE_RECURSION = YES;
				CLANG_WARN_INT_CONVERSION = YES;
				CLANG_WARN_NON_LITERAL_NULL_CONVERSION = YES;
				CLANG_WARN_OBJC_IMPLICIT_RETAIN_SELF = YES;
				CLANG_WARN_OBJC_LITERAL_CONVERSION = YES;
				CLANG_WARN_OBJC_ROOT_CLASS = YES_ERROR;
				CLANG_WARN_QUOTED_INCLUDE_IN_FRAMEWORK_HEADER = YES;
				CLANG_WARN_RANGE_LOOP_ANALYSIS = YES;
				CLANG_WARN_STRICT_PROTOTYPES = YES;
				CLANG_WARN_SUSPICIOUS_MOVE = YES;
				CLANG_WARN_UNGUARDED_AVAILABILITY = YES_AGGRESSIVE;
				CLANG_WARN_UNREACHABLE_CODE = YES;
				CLANG_WARN__DUPLICATE_METHOD_MATCH = YES;
				COPY_PHASE_STRIP = NO;
				DEBUG_INFORMATION_FORMAT = dwarf;
				ENABLE_STRICT_OBJC_MSGSEND = YES;
				ENABLE_TESTABILITY = YES;
				ENABLE_USER_SCRIPT_SANDBOXING = YES;
				GCC_C_LANGUAGE_STANDARD = gnu17;
				GCC_DYNAMIC_NO_PIC = NO;
				GCC_NO_COMMON_BLOCKS = YES;
				GCC_OPTIMIZATION_LEVEL = 0;
				GCC_PREPROCESSOR_DEFINITIONS = (
					"DEBUG=1",
					"$(inherited)",
				);
				GCC_WARN_64_TO_32_BIT_CONVERSION = YES;
				GCC_WARN_ABOUT_RETURN_TYPE = YES_ERROR;
				GCC_WARN_UNDECLARED_SELECTOR = YES;
				GCC_WARN_UNINITIALIZED_AUTOS = YES_AGGRESSIVE;
				GCC_WARN_UNUSED_FUNCTION = YES;
				GCC_WARN_UNUSED_VARIABLE = YES;
				IPHONEOS_DEPLOYMENT_TARGET = 17.4;
				LOCALIZATION_PREFERS_STRING_CATALOGS = YES;
				MTL_ENABLE_DEBUG_INFO = INCLUDE_SOURCE;
				MTL_FAST_MATH = YES;
				ONLY_ACTIVE_ARCH = YES;
				SDKROOT = iphoneos;
				SWIFT_ACTIVE_COMPILATION_CONDITIONS = "DEBUG $(inherited)";
				SWIFT_OPTIMIZATION_LEVEL = "-Onone";
			};
			name = Debug;
		};
		BB5C4FA32BAE32F900DF57BF /* Release */ = {
			isa = XCBuildConfiguration;
			buildSettings = {
				ALWAYS_SEARCH_USER_PATHS = NO;
				ASSETCATALOG_COMPILER_GENERATE_SWIFT_ASSET_SYMBOL_EXTENSIONS = YES;
				CLANG_ANALYZER_NONNULL = YES;
				CLANG_ANALYZER_NUMBER_OBJECT_CONVERSION = YES_AGGRESSIVE;
				CLANG_CXX_LANGUAGE_STANDARD = "gnu++20";
				CLANG_ENABLE_MODULES = YES;
				CLANG_ENABLE_OBJC_ARC = YES;
				CLANG_ENABLE_OBJC_WEAK = YES;
				CLANG_WARN_BLOCK_CAPTURE_AUTORELEASING = YES;
				CLANG_WARN_BOOL_CONVERSION = YES;
				CLANG_WARN_COMMA = YES;
				CLANG_WARN_CONSTANT_CONVERSION = YES;
				CLANG_WARN_DEPRECATED_OBJC_IMPLEMENTATIONS = YES;
				CLANG_WARN_DIRECT_OBJC_ISA_USAGE = YES_ERROR;
				CLANG_WARN_DOCUMENTATION_COMMENTS = YES;
				CLANG_WARN_EMPTY_BODY = YES;
				CLANG_WARN_ENUM_CONVERSION = YES;
				CLANG_WARN_INFINITE_RECURSION = YES;
				CLANG_WARN_INT_CONVERSION = YES;
				CLANG_WARN_NON_LITERAL_NULL_CONVERSION = YES;
				CLANG_WARN_OBJC_IMPLICIT_RETAIN_SELF = YES;
				CLANG_WARN_OBJC_LITERAL_CONVERSION = YES;
				CLANG_WARN_OBJC_ROOT_CLASS = YES_ERROR;
				CLANG_WARN_QUOTED_INCLUDE_IN_FRAMEWORK_HEADER = YES;
				CLANG_WARN_RANGE_LOOP_ANALYSIS = YES;
				CLANG_WARN_STRICT_PROTOTYPES = YES;
				CLANG_WARN_SUSPICIOUS_MOVE = YES;
				CLANG_WARN_UNGUARDED_AVAILABILITY = YES_AGGRESSIVE;
				CLANG_WARN_UNREACHABLE_CODE = YES;
				CLANG_WARN__DUPLICATE_METHOD_MATCH = YES;
				COPY_PHASE_STRIP = NO;
				DEBUG_INFORMATION_FORMAT = "dwarf-with-dsym";
				ENABLE_NS_ASSERTIONS = NO;
				ENABLE_STRICT_OBJC_MSGSEND = YES;
				ENABLE_USER_SCRIPT_SANDBOXING = YES;
				GCC_C_LANGUAGE_STANDARD = gnu17;
				GCC_NO_COMMON_BLOCKS = YES;
				GCC_WARN_64_TO_32_BIT_CONVERSION = YES;
				GCC_WARN_ABOUT_RETURN_TYPE = YES_ERROR;
				GCC_WARN_UNDECLARED_SELECTOR = YES;
				GCC_WARN_UNINITIALIZED_AUTOS = YES_AGGRESSIVE;
				GCC_WARN_UNUSED_FUNCTION = YES;
				GCC_WARN_UNUSED_VARIABLE = YES;
				IPHONEOS_DEPLOYMENT_TARGET = 17.4;
				LOCALIZATION_PREFERS_STRING_CATALOGS = YES;
				MTL_ENABLE_DEBUG_INFO = NO;
				MTL_FAST_MATH = YES;
				SDKROOT = iphoneos;
				SWIFT_COMPILATION_MODE = wholemodule;
				VALIDATE_PRODUCT = YES;
			};
			name = Release;
		};
		BB5C4FA52BAE32F900DF57BF /* Debug */ = {
			isa = XCBuildConfiguration;
			buildSettings = {
				ASSETCATALOG_COMPILER_APPICON_NAME = AppIcon;
				ASSETCATALOG_COMPILER_GLOBAL_ACCENT_COLOR_NAME = AccentColor;
				CLANG_ENABLE_MODULES = YES;
				CODE_SIGN_STYLE = Automatic;
				CURRENT_PROJECT_VERSION = 1;
				DEVELOPMENT_ASSET_PATHS = "\"ios-asm/Preview Content\"";
				DEVELOPMENT_TEAM = 69J39A2YLZ;
				ENABLE_PREVIEWS = YES;
				GENERATE_INFOPLIST_FILE = YES;
				INFOPLIST_KEY_UIApplicationSceneManifest_Generation = YES;
				INFOPLIST_KEY_UIApplicationSupportsIndirectInputEvents = YES;
				INFOPLIST_KEY_UILaunchScreen_Generation = YES;
				INFOPLIST_KEY_UISupportedInterfaceOrientations_iPad = "UIInterfaceOrientationPortrait UIInterfaceOrientationPortraitUpsideDown UIInterfaceOrientationLandscapeLeft UIInterfaceOrientationLandscapeRight";
				INFOPLIST_KEY_UISupportedInterfaceOrientations_iPhone = "UIInterfaceOrientationPortrait UIInterfaceOrientationLandscapeLeft UIInterfaceOrientationLandscapeRight";
				LD_RUNPATH_SEARCH_PATHS = (
					"$(inherited)",
					"@executable_path/Frameworks",
				);
				MARKETING_VERSION = 1.0;
				PRODUCT_BUNDLE_IDENTIFIER = "com.adt.ios-asm";
				PRODUCT_NAME = "$(TARGET_NAME)";
				SWIFT_EMIT_LOC_STRINGS = YES;
				SWIFT_OBJC_BRIDGING_HEADER = "ios-asm/ios-asm-Bridging-Header.h";
				SWIFT_OPTIMIZATION_LEVEL = "-Onone";
				SWIFT_VERSION = 5.0;
				TARGETED_DEVICE_FAMILY = "1,2";
			};
			name = Debug;
		};
		BB5C4FA62BAE32F900DF57BF /* Release */ = {
			isa = XCBuildConfiguration;
			buildSettings = {
				ASSETCATALOG_COMPILER_APPICON_NAME = AppIcon;
				ASSETCATALOG_COMPILER_GLOBAL_ACCENT_COLOR_NAME = AccentColor;
				CLANG_ENABLE_MODULES = YES;
				CODE_SIGN_STYLE = Automatic;
				CURRENT_PROJECT_VERSION = 1;
				DEVELOPMENT_ASSET_PATHS = "\"ios-asm/Preview Content\"";
				DEVELOPMENT_TEAM = 69J39A2YLZ;
				ENABLE_PREVIEWS = YES;
				GENERATE_INFOPLIST_FILE = YES;
				INFOPLIST_KEY_UIApplicationSceneManifest_Generation = YES;
				INFOPLIST_KEY_UIApplicationSupportsIndirectInputEvents = YES;
				INFOPLIST_KEY_UILaunchScreen_Generation = YES;
				INFOPLIST_KEY_UISupportedInterfaceOrientations_iPad = "UIInterfaceOrientationPortrait UIInterfaceOrientationPortraitUpsideDown UIInterfaceOrientationLandscapeLeft UIInterfaceOrientationLandscapeRight";
				INFOPLIST_KEY_UISupportedInterfaceOrientations_iPhone = "UIInterfaceOrientationPortrait UIInterfaceOrientationLandscapeLeft UIInterfaceOrientationLandscapeRight";
				LD_RUNPATH_SEARCH_PATHS = (
					"$(inherited)",
					"@executable_path/Frameworks",
				);
				MARKETING_VERSION = 1.0;
				PRODUCT_BUNDLE_IDENTIFIER = "com.adt.ios-asm";
				PRODUCT_NAME = "$(TARGET_NAME)";
				SWIFT_EMIT_LOC_STRINGS = YES;
				SWIFT_OBJC_BRIDGING_HEADER = "ios-asm/ios-asm-Bridging-Header.h";
				SWIFT_VERSION = 5.0;
				TARGETED_DEVICE_FAMILY = "1,2";
			};
			name = Release;
		};
/* End XCBuildConfiguration section */

/* Begin XCConfigurationList section */
		BB5C4F912BAE32F700DF57BF /* Build configuration list for PBXProject "ios-asm" */ = {
			isa = XCConfigurationList;
			buildConfigurations = (
				BB5C4FA22BAE32F900DF57BF /* Debug */,
				BB5C4FA32BAE32F900DF57BF /* Release */,
			);
			defaultConfigurationIsVisible = 0;
			defaultConfigurationName = Release;
		};
		BB5C4FA42BAE32F900DF57BF /* Build configuration list for PBXNativeTarget "ios-asm" */ = {
			isa = XCConfigurationList;
			buildConfigurations = (
				BB5C4FA52BAE32F900DF57BF /* Debug */,
				BB5C4FA62BAE32F900DF57BF /* Release */,
			);
			defaultConfigurationIsVisible = 0;
			defaultConfigurationName = Release;
		};
/* End XCConfigurationList section */
	};
	rootObject = BB5C4F8E2BAE32F700DF57BF /* Project object */;
}
